// !$*UTF8*$!
{
	archiveVersion = 1;
	classes = {
	};
	objectVersion = 56;
	objects = {

/* Begin PBXBuildFile section */
		2C3F3E472A4EAABD001BD6E6 /* AppDelegate.swift in Sources */ = {isa = PBXBuildFile; fileRef = 2C3F3E462A4EAABD001BD6E6 /* AppDelegate.swift */; };
		2C3F3E492A4EAABD001BD6E6 /* SceneDelegate.swift in Sources */ = {isa = PBXBuildFile; fileRef = 2C3F3E482A4EAABD001BD6E6 /* SceneDelegate.swift */; };
		2C3F3E4B2A4EAABD001BD6E6 /* ViewController.swift in Sources */ = {isa = PBXBuildFile; fileRef = 2C3F3E4A2A4EAABD001BD6E6 /* ViewController.swift */; };
		2C3F3E4E2A4EAABD001BD6E6 /* Main.storyboard in Resources */ = {isa = PBXBuildFile; fileRef = 2C3F3E4C2A4EAABD001BD6E6 /* Main.storyboard */; };
		2C3F3E502A4EAABE001BD6E6 /* Assets.xcassets in Resources */ = {isa = PBXBuildFile; fileRef = 2C3F3E4F2A4EAABE001BD6E6 /* Assets.xcassets */; };
		2C3F3E532A4EAABE001BD6E6 /* LaunchScreen.storyboard in Resources */ = {isa = PBXBuildFile; fileRef = 2C3F3E512A4EAABE001BD6E6 /* LaunchScreen.storyboard */; };
		2C3F3E5B2A4EC284001BD6E6 /* SecondViewController.swift in Sources */ = {isa = PBXBuildFile; fileRef = 2C3F3E5A2A4EC284001BD6E6 /* SecondViewController.swift */; };
		2C3F3E602A55858E001BD6E6 /* BMICalculatorManager.swift in Sources */ = {isa = PBXBuildFile; fileRef = 2C3F3E5F2A55858E001BD6E6 /* BMICalculatorManager.swift */; };
		2C3F3E622A558A00001BD6E6 /* BMI.swift in Sources */ = {isa = PBXBuildFile; fileRef = 2C3F3E612A558A00001BD6E6 /* BMI.swift */; };
/* End PBXBuildFile section */

/* Begin PBXFileReference section */
		2C3F3E432A4EAABD001BD6E6 /* BMI.app */ = {isa = PBXFileReference; explicitFileType = wrapper.application; includeInIndex = 0; path = BMI.app; sourceTree = BUILT_PRODUCTS_DIR; };
		2C3F3E462A4EAABD001BD6E6 /* AppDelegate.swift */ = {isa = PBXFileReference; lastKnownFileType = sourcecode.swift; path = AppDelegate.swift; sourceTree = "<group>"; };
		2C3F3E482A4EAABD001BD6E6 /* SceneDelegate.swift */ = {isa = PBXFileReference; lastKnownFileType = sourcecode.swift; path = SceneDelegate.swift; sourceTree = "<group>"; };
		2C3F3E4A2A4EAABD001BD6E6 /* ViewController.swift */ = {isa = PBXFileReference; lastKnownFileType = sourcecode.swift; path = ViewController.swift; sourceTree = "<group>"; };
		2C3F3E4D2A4EAABD001BD6E6 /* Base */ = {isa = PBXFileReference; lastKnownFileType = file.storyboard; name = Base; path = Base.lproj/Main.storyboard; sourceTree = "<group>"; };
		2C3F3E4F2A4EAABE001BD6E6 /* Assets.xcassets */ = {isa = PBXFileReference; lastKnownFileType = folder.assetcatalog; path = Assets.xcassets; sourceTree = "<group>"; };
		2C3F3E522A4EAABE001BD6E6 /* Base */ = {isa = PBXFileReference; lastKnownFileType = file.storyboard; name = Base; path = Base.lproj/LaunchScreen.storyboard; sourceTree = "<group>"; };
		2C3F3E542A4EAABE001BD6E6 /* Info.plist */ = {isa = PBXFileReference; lastKnownFileType = text.plist.xml; path = Info.plist; sourceTree = "<group>"; };
		2C3F3E5A2A4EC284001BD6E6 /* SecondViewController.swift */ = {isa = PBXFileReference; lastKnownFileType = sourcecode.swift; path = SecondViewController.swift; sourceTree = "<group>"; };
		2C3F3E5F2A55858E001BD6E6 /* BMICalculatorManager.swift */ = {isa = PBXFileReference; lastKnownFileType = sourcecode.swift; path = BMICalculatorManager.swift; sourceTree = "<group>"; };
		2C3F3E612A558A00001BD6E6 /* BMI.swift */ = {isa = PBXFileReference; lastKnownFileType = sourcecode.swift; path = BMI.swift; sourceTree = "<group>"; };
/* End PBXFileReference section */

/* Begin PBXFrameworksBuildPhase section */
		2C3F3E402A4EAABD001BD6E6 /* Frameworks */ = {
			isa = PBXFrameworksBuildPhase;
			buildActionMask = 2147483647;
			files = (
			);
			runOnlyForDeploymentPostprocessing = 0;
		};
/* End PBXFrameworksBuildPhase section */

/* Begin PBXGroup section */
		2C3F3E3A2A4EAABD001BD6E6 = {
			isa = PBXGroup;
			children = (
				2C3F3E452A4EAABD001BD6E6 /* BMI */,
				2C3F3E442A4EAABD001BD6E6 /* Products */,
			);
			sourceTree = "<group>";
		};
		2C3F3E442A4EAABD001BD6E6 /* Products */ = {
			isa = PBXGroup;
			children = (
				2C3F3E432A4EAABD001BD6E6 /* BMI.app */,
			);
			name = Products;
			sourceTree = "<group>";
		};
		2C3F3E452A4EAABD001BD6E6 /* BMI */ = {
			isa = PBXGroup;
			children = (
				2C3F3E5C2A558514001BD6E6 /* Models */,
				2C3F3E5E2A55852C001BD6E6 /* Views */,
				2C3F3E5D2A558523001BD6E6 /* Controllers */,
				2C3F3E462A4EAABD001BD6E6 /* AppDelegate.swift */,
				2C3F3E482A4EAABD001BD6E6 /* SceneDelegate.swift */,
				2C3F3E4F2A4EAABE001BD6E6 /* Assets.xcassets */,
				2C3F3E512A4EAABE001BD6E6 /* LaunchScreen.storyboard */,
				2C3F3E542A4EAABE001BD6E6 /* Info.plist */,
			);
			path = BMI;
			sourceTree = "<group>";
		};
		2C3F3E5C2A558514001BD6E6 /* Models */ = {
			isa = PBXGroup;
			children = (
				2C3F3E612A558A00001BD6E6 /* BMI.swift */,
				2C3F3E5F2A55858E001BD6E6 /* BMICalculatorManager.swift */,
			);
			path = Models;
			sourceTree = "<group>";
		};
		2C3F3E5D2A558523001BD6E6 /* Controllers */ = {
			isa = PBXGroup;
			children = (
				2C3F3E4A2A4EAABD001BD6E6 /* ViewController.swift */,
				2C3F3E5A2A4EC284001BD6E6 /* SecondViewController.swift */,
			);
			path = Controllers;
			sourceTree = "<group>";
		};
		2C3F3E5E2A55852C001BD6E6 /* Views */ = {
			isa = PBXGroup;
			children = (
				2C3F3E4C2A4EAABD001BD6E6 /* Main.storyboard */,
			);
			path = Views;
			sourceTree = "<group>";
		};
/* End PBXGroup section */

/* Begin PBXNativeTarget section */
		2C3F3E422A4EAABD001BD6E6 /* BMI */ = {
			isa = PBXNativeTarget;
			buildConfigurationList = 2C3F3E572A4EAABE001BD6E6 /* Build configuration list for PBXNativeTarget "BMI" */;
			buildPhases = (
				2C3F3E3F2A4EAABD001BD6E6 /* Sources */,
				2C3F3E402A4EAABD001BD6E6 /* Frameworks */,
				2C3F3E412A4EAABD001BD6E6 /* Resources */,
			);
			buildRules = (
			);
			dependencies = (
			);
			name = BMI;
			productName = BMI;
			productReference = 2C3F3E432A4EAABD001BD6E6 /* BMI.app */;
			productType = "com.apple.product-type.application";
		};
/* End PBXNativeTarget section */

/* Begin PBXProject section */
		2C3F3E3B2A4EAABD001BD6E6 /* Project object */ = {
			isa = PBXProject;
			attributes = {
				BuildIndependentTargetsInParallel = 1;
				LastSwiftUpdateCheck = 1430;
				LastUpgradeCheck = 1430;
				TargetAttributes = {
					2C3F3E422A4EAABD001BD6E6 = {
						CreatedOnToolsVersion = 14.3.1;
					};
				};
			};
			buildConfigurationList = 2C3F3E3E2A4EAABD001BD6E6 /* Build configuration list for PBXProject "BMI" */;
			compatibilityVersion = "Xcode 14.0";
			developmentRegion = en;
			hasScannedForEncodings = 0;
			knownRegions = (
				en,
				Base,
			);
			mainGroup = 2C3F3E3A2A4EAABD001BD6E6;
			productRefGroup = 2C3F3E442A4EAABD001BD6E6 /* Products */;
			projectDirPath = "";
			projectRoot = "";
			targets = (
				2C3F3E422A4EAABD001BD6E6 /* BMI */,
			);
		};
/* End PBXProject section */

/* Begin PBXResourcesBuildPhase section */
		2C3F3E412A4EAABD001BD6E6 /* Resources */ = {
			isa = PBXResourcesBuildPhase;
			buildActionMask = 2147483647;
			files = (
				2C3F3E532A4EAABE001BD6E6 /* LaunchScreen.storyboard in Resources */,
				2C3F3E502A4EAABE001BD6E6 /* Assets.xcassets in Resources */,
				2C3F3E4E2A4EAABD001BD6E6 /* Main.storyboard in Resources */,
			);
			runOnlyForDeploymentPostprocessing = 0;
		};
/* End PBXResourcesBuildPhase section */

/* Begin PBXSourcesBuildPhase section */
		2C3F3E3F2A4EAABD001BD6E6 /* Sources */ = {
			isa = PBXSourcesBuildPhase;
			buildActionMask = 2147483647;
			files = (
				2C3F3E5B2A4EC284001BD6E6 /* SecondViewController.swift in Sources */,
				2C3F3E4B2A4EAABD001BD6E6 /* ViewController.swift in Sources */,
				2C3F3E472A4EAABD001BD6E6 /* AppDelegate.swift in Sources */,
				2C3F3E602A55858E001BD6E6 /* BMICalculatorManager.swift in Sources */,
				2C3F3E622A558A00001BD6E6 /* BMI.swift in Sources */,
				2C3F3E492A4EAABD001BD6E6 /* SceneDelegate.swift in Sources */,
			);
			runOnlyForDeploymentPostprocessing = 0;
		};
/* End PBXSourcesBuildPhase section */

/* Begin PBXVariantGroup section */
		2C3F3E4C2A4EAABD001BD6E6 /* Main.storyboard */ = {
			isa = PBXVariantGroup;
			children = (
				2C3F3E4D2A4EAABD001BD6E6 /* Base */,
			);
			name = Main.storyboard;
			sourceTree = "<group>";
		};
		2C3F3E512A4EAABE001BD6E6 /* LaunchScreen.storyboard */ = {
			isa = PBXVariantGroup;
			children = (
				2C3F3E522A4EAABE001BD6E6 /* Base */,
			);
			name = LaunchScreen.storyboard;
			sourceTree = "<group>";
		};
/* End PBXVariantGroup section */

/* Begin XCBuildConfiguration section */
		2C3F3E552A4EAABE001BD6E6 /* Debug */ = {
			isa = XCBuildConfiguration;
			buildSettings = {
				ALWAYS_SEARCH_USER_PATHS = NO;
				CLANG_ANALYZER_NONNULL = YES;
				CLANG_ANALYZER_NUMBER_OBJECT_CONVERSION = YES_AGGRESSIVE;
				CLANG_CXX_LANGUAGE_STANDARD = "gnu++20";
				CLANG_ENABLE_MODULES = YES;
				CLANG_ENABLE_OBJC_ARC = YES;
				CLANG_ENABLE_OBJC_WEAK = YES;
				CLANG_WARN_BLOCK_CAPTURE_AUTORELEASING = YES;
				CLANG_WARN_BOOL_CONVERSION = YES;
				CLANG_WARN_COMMA = YES;
				CLANG_WARN_CONSTANT_CONVERSION = YES;
				CLANG_WARN_DEPRECATED_OBJC_IMPLEMENTATIONS = YES;
				CLANG_WARN_DIRECT_OBJC_ISA_USAGE = YES_ERROR;
				CLANG_WARN_DOCUMENTATION_COMMENTS = YES;
				CLANG_WARN_EMPTY_BODY = YES;
				CLANG_WARN_ENUM_CONVERSION = YES;
				CLANG_WARN_INFINITE_RECURSION = YES;
				CLANG_WARN_INT_CONVERSION = YES;
				CLANG_WARN_NON_LITERAL_NULL_CONVERSION = YES;
				CLANG_WARN_OBJC_IMPLICIT_RETAIN_SELF = YES;
				CLANG_WARN_OBJC_LITERAL_CONVERSION = YES;
				CLANG_WARN_OBJC_ROOT_CLASS = YES_ERROR;
				CLANG_WARN_QUOTED_INCLUDE_IN_FRAMEWORK_HEADER = YES;
				CLANG_WARN_RANGE_LOOP_ANALYSIS = YES;
				CLANG_WARN_STRICT_PROTOTYPES = YES;
				CLANG_WARN_SUSPICIOUS_MOVE = YES;
				CLANG_WARN_UNGUARDED_AVAILABILITY = YES_AGGRESSIVE;
				CLANG_WARN_UNREACHABLE_CODE = YES;
				CLANG_WARN__DUPLICATE_METHOD_MATCH = YES;
				COPY_PHASE_STRIP = NO;
				DEBUG_INFORMATION_FORMAT = dwarf;
				ENABLE_STRICT_OBJC_MSGSEND = YES;
				ENABLE_TESTABILITY = YES;
				GCC_C_LANGUAGE_STANDARD = gnu11;
				GCC_DYNAMIC_NO_PIC = NO;
				GCC_NO_COMMON_BLOCKS = YES;
				GCC_OPTIMIZATION_LEVEL = 0;
				GCC_PREPROCESSOR_DEFINITIONS = (
					"DEBUG=1",
					"$(inherited)",
				);
				GCC_WARN_64_TO_32_BIT_CONVERSION = YES;
				GCC_WARN_ABOUT_RETURN_TYPE = YES_ERROR;
				GCC_WARN_UNDECLARED_SELECTOR = YES;
				GCC_WARN_UNINITIALIZED_AUTOS = YES_AGGRESSIVE;
				GCC_WARN_UNUSED_FUNCTION = YES;
				GCC_WARN_UNUSED_VARIABLE = YES;
				IPHONEOS_DEPLOYMENT_TARGET = 16.4;
				MTL_ENABLE_DEBUG_INFO = INCLUDE_SOURCE;
				MTL_FAST_MATH = YES;
				ONLY_ACTIVE_ARCH = YES;
				SDKROOT = iphoneos;
				SWIFT_ACTIVE_COMPILATION_CONDITIONS = DEBUG;
				SWIFT_OPTIMIZATION_LEVEL = "-Onone";
			};
			name = Debug;
		};
		2C3F3E562A4EAABE001BD6E6 /* Release */ = {
			isa = XCBuildConfiguration;
			buildSettings = {
				ALWAYS_SEARCH_USER_PATHS = NO;
				CLANG_ANALYZER_NONNULL = YES;
				CLANG_ANALYZER_NUMBER_OBJECT_CONVERSION = YES_AGGRESSIVE;
				CLANG_CXX_LANGUAGE_STANDARD = "gnu++20";
				CLANG_ENABLE_MODULES = YES;
				CLANG_ENABLE_OBJC_ARC = YES;
				CLANG_ENABLE_OBJC_WEAK = YES;
				CLANG_WARN_BLOCK_CAPTURE_AUTORELEASING = YES;
				CLANG_WARN_BOOL_CONVERSION = YES;
				CLANG_WARN_COMMA = YES;
				CLANG_WARN_CONSTANT_CONVERSION = YES;
				CLANG_WARN_DEPRECATED_OBJC_IMPLEMENTATIONS = YES;
				CLANG_WARN_DIRECT_OBJC_ISA_USAGE = YES_ERROR;
				CLANG_WARN_DOCUMENTATION_COMMENTS = YES;
				CLANG_WARN_EMPTY_BODY = YES;
				CLANG_WARN_ENUM_CONVERSION = YES;
				CLANG_WARN_INFINITE_RECURSION = YES;
				CLANG_WARN_INT_CONVERSION = YES;
				CLANG_WARN_NON_LITERAL_NULL_CONVERSION = YES;
				CLANG_WARN_OBJC_IMPLICIT_RETAIN_SELF = YES;
				CLANG_WARN_OBJC_LITERAL_CONVERSION = YES;
				CLANG_WARN_OBJC_ROOT_CLASS = YES_ERROR;
				CLANG_WARN_QUOTED_INCLUDE_IN_FRAMEWORK_HEADER = YES;
				CLANG_WARN_RANGE_LOOP_ANALYSIS = YES;
				CLANG_WARN_STRICT_PROTOTYPES = YES;
				CLANG_WARN_SUSPICIOUS_MOVE = YES;
				CLANG_WARN_UNGUARDED_AVAILABILITY = YES_AGGRESSIVE;
				CLANG_WARN_UNREACHABLE_CODE = YES;
				CLANG_WARN__DUPLICATE_METHOD_MATCH = YES;
				COPY_PHASE_STRIP = NO;
				DEBUG_INFORMATION_FORMAT = "dwarf-with-dsym";
				ENABLE_NS_ASSERTIONS = NO;
				ENABLE_STRICT_OBJC_MSGSEND = YES;
				GCC_C_LANGUAGE_STANDARD = gnu11;
				GCC_NO_COMMON_BLOCKS = YES;
				GCC_WARN_64_TO_32_BIT_CONVERSION = YES;
				GCC_WARN_ABOUT_RETURN_TYPE = YES_ERROR;
				GCC_WARN_UNDECLARED_SELECTOR = YES;
				GCC_WARN_UNINITIALIZED_AUTOS = YES_AGGRESSIVE;
				GCC_WARN_UNUSED_FUNCTION = YES;
				GCC_WARN_UNUSED_VARIABLE = YES;
				IPHONEOS_DEPLOYMENT_TARGET = 16.4;
				MTL_ENABLE_DEBUG_INFO = NO;
				MTL_FAST_MATH = YES;
				SDKROOT = iphoneos;
				SWIFT_COMPILATION_MODE = wholemodule;
				SWIFT_OPTIMIZATION_LEVEL = "-O";
				VALIDATE_PRODUCT = YES;
			};
			name = Release;
		};
		2C3F3E582A4EAABE001BD6E6 /* Debug */ = {
			isa = XCBuildConfiguration;
			buildSettings = {
				ASSETCATALOG_COMPILER_APPICON_NAME = AppIcon;
				ASSETCATALOG_COMPILER_GLOBAL_ACCENT_COLOR_NAME = AccentColor;
				CODE_SIGN_STYLE = Automatic;
				CURRENT_PROJECT_VERSION = 1;
				DEVELOPMENT_TEAM = C3P52YR8KJ;
				GENERATE_INFOPLIST_FILE = YES;
				INFOPLIST_FILE = BMI/Info.plist;
				INFOPLIST_KEY_UIApplicationSupportsIndirectInputEvents = YES;
				INFOPLIST_KEY_UILaunchStoryboardName = LaunchScreen;
				INFOPLIST_KEY_UIMainStoryboardFile = Main;
				INFOPLIST_KEY_UISupportedInterfaceOrientations_iPad = "UIInterfaceOrientationPortrait UIInterfaceOrientationPortraitUpsideDown UIInterfaceOrientationLandscapeLeft UIInterfaceOrientationLandscapeRight";
				INFOPLIST_KEY_UISupportedInterfaceOrientations_iPhone = "UIInterfaceOrientationPortrait UIInterfaceOrientationLandscapeLeft UIInterfaceOrientationLandscapeRight";
				LD_RUNPATH_SEARCH_PATHS = (
					"$(inherited)",
					"@executable_path/Frameworks",
				);
				MARKETING_VERSION = 1.0;
				PRODUCT_BUNDLE_IDENTIFIER = com.BMI;
				PRODUCT_NAME = "$(TARGET_NAME)";
				SWIFT_EMIT_LOC_STRINGS = YES;
				SWIFT_VERSION = 5.0;
				TARGETED_DEVICE_FAMILY = "1,2";
			};
			name = Debug;
		};
		2C3F3E592A4EAABE001BD6E6 /* Release */ = {
			isa = XCBuildConfiguration;
			buildSettings = {
				ASSETCATALOG_COMPILER_APPICON_NAME = AppIcon;
				ASSETCATALOG_COMPILER_GLOBAL_ACCENT_COLOR_NAME = AccentColor;
				CODE_SIGN_STYLE = Automatic;
				CURRENT_PROJECT_VERSION = 1;
				DEVELOPMENT_TEAM = C3P52YR8KJ;
				GENERATE_INFOPLIST_FILE = YES;
				INFOPLIST_FILE = BMI/Info.plist;
				INFOPLIST_KEY_UIApplicationSupportsIndirectInputEvents = YES;
				INFOPLIST_KEY_UILaunchStoryboardName = LaunchScreen;
				INFOPLIST_KEY_UIMainStoryboardFile = Main;
				INFOPLIST_KEY_UISupportedInterfaceOrientations_iPad = "UIInterfaceOrientationPortrait UIInterfaceOrientationPortraitUpsideDown UIInterfaceOrientationLandscapeLeft UIInterfaceOrientationLandscapeRight";
				INFOPLIST_KEY_UISupportedInterfaceOrientations_iPhone = "UIInterfaceOrientationPortrait UIInterfaceOrientationLandscapeLeft UIInterfaceOrientationLandscapeRight";
				LD_RUNPATH_SEARCH_PATHS = (
					"$(inherited)",
					"@executable_path/Frameworks",
				);
				MARKETING_VERSION = 1.0;
				PRODUCT_BUNDLE_IDENTIFIER = com.BMI;
				PRODUCT_NAME = "$(TARGET_NAME)";
				SWIFT_EMIT_LOC_STRINGS = YES;
				SWIFT_VERSION = 5.0;
				TARGETED_DEVICE_FAMILY = "1,2";
			};
			name = Release;
		};
/* End XCBuildConfiguration section */

/* Begin XCConfigurationList section */
		2C3F3E3E2A4EAABD001BD6E6 /* Build configuration list for PBXProject "BMI" */ = {
			isa = XCConfigurationList;
			buildConfigurations = (
				2C3F3E552A4EAABE001BD6E6 /* Debug */,
				2C3F3E562A4EAABE001BD6E6 /* Release */,
			);
			defaultConfigurationIsVisible = 0;
			defaultConfigurationName = Release;
		};
		2C3F3E572A4EAABE001BD6E6 /* Build configuration list for PBXNativeTarget "BMI" */ = {
			isa = XCConfigurationList;
			buildConfigurations = (
				2C3F3E582A4EAABE001BD6E6 /* Debug */,
				2C3F3E592A4EAABE001BD6E6 /* Release */,
			);
			defaultConfigurationIsVisible = 0;
			defaultConfigurationName = Release;
		};
/* End XCConfigurationList section */
	};
	rootObject = 2C3F3E3B2A4EAABD001BD6E6 /* Project object */;
}
